
Microsoft Visual Studio Solution File, Format Version 12.00
# Visual Studio 15
VisualStudioVersion = 15.0.27130.2036
MinimumVisualStudioVersion = 10.0.40219.1
Project("{FAE04EC0-301F-11D3-BF4B-00C04F79EFBC}") = "WebappMasterPageBootstrap", "WebappMasterPageBootstrap\WebappMasterPageBootstrap.csproj", "{5396C4E4-3360-4174-B1ED-A3E9072D071A}"
EndProject
Global
	GlobalSection(SolutionConfigurationPlatforms) = preSolution
		Debug|Any CPU = Debug|Any CPU
		Release|Any CPU = Release|Any CPU
	EndGlobalSection
	GlobalSection(ProjectConfigurationPlatforms) = postSolution
		{5396C4E4-3360-4174-B1ED-A3E9072D071A}.Debug|Any CPU.ActiveCfg = Debug|Any CPU
		{5396C4E4-3360-4174-B1ED-A3E9072D071A}.Debug|Any CPU.Build.0 = Debug|Any CPU
		{5396C4E4-3360-4174-B1ED-A3E9072D071A}.Release|Any CPU.ActiveCfg = Release|Any CPU
		{5396C4E4-3360-4174-B1ED-A3E9072D071A}.Release|Any CPU.Build.0 = Release|Any CPU
	EndGlobalSection
	GlobalSection(SolutionProperties) = preSolution
		HideSolutionNode = FALSE
	EndGlobalSection
	GlobalSection(ExtensibilityGlobals) = postSolution
		SolutionGuid = {FF1FB3F7-F948-4F2F-BA7C-72B768AA816C}
	EndGlobalSection
EndGlobal
